# This file is automatically @generated by Cargo.
# It is not intended for manual editing.
[[package]]
name = "firejail-spawn"
version = "0.1.0"
dependencies = [
 "inlinable_string",
]

[[package]]
name = "inlinable_string"
version = "0.1.11"
source = "registry+https://github.com/rust-lang/crates.io-index"
checksum = "cb6ee2a7da03bfc3b66ca47c92c2e392fcc053ea040a85561749b026f7aad09a"
